// !$*UTF8*$!
{
	archiveVersion = 1;
	classes = {
	};
	objectVersion = 77;
	objects = {

/* Begin PBXContainerItemProxy section */
		FE285CE02D3BF49600E0B995 /* PBXContainerItemProxy */ = {
			isa = PBXContainerItemProxy;
			containerPortal = FE285CC62D3BF49400E0B995 /* Project object */;
			proxyType = 1;
			remoteGlobalIDString = FE285CCD2D3BF49400E0B995;
			remoteInfo = PassboltMacOS;
		};
		FE285CEA2D3BF49600E0B995 /* PBXContainerItemProxy */ = {
			isa = PBXContainerItemProxy;
			containerPortal = FE285CC62D3BF49400E0B995 /* Project object */;
			proxyType = 1;
			remoteGlobalIDString = FE285CCD2D3BF49400E0B995;
			remoteInfo = PassboltMacOS;
		};
/* End PBXContainerItemProxy section */

/* Begin PBXFileReference section */
		FE285CCE2D3BF49400E0B995 /* PassboltMacOS.app */ = {isa = PBXFileReference; explicitFileType = wrapper.application; includeInIndex = 0; path = PassboltMacOS.app; sourceTree = BUILT_PRODUCTS_DIR; };
		FE285CDF2D3BF49600E0B995 /* PassboltMacOSTests.xctest */ = {isa = PBXFileReference; explicitFileType = wrapper.cfbundle; includeInIndex = 0; path = PassboltMacOSTests.xctest; sourceTree = BUILT_PRODUCTS_DIR; };
		FE285CE92D3BF49600E0B995 /* PassboltMacOSUITests.xctest */ = {isa = PBXFileReference; explicitFileType = wrapper.cfbundle; includeInIndex = 0; path = PassboltMacOSUITests.xctest; sourceTree = BUILT_PRODUCTS_DIR; };
/* End PBXFileReference section */

/* Begin PBXFileSystemSynchronizedRootGroup section */
		FE285CD02D3BF49400E0B995 /* PassboltMacOS */ = {
			isa = PBXFileSystemSynchronizedRootGroup;
			path = PassboltMacOS;
			sourceTree = "<group>";
		};
		FE285CE22D3BF49600E0B995 /* PassboltMacOSTests */ = {
			isa = PBXFileSystemSynchronizedRootGroup;
			path = PassboltMacOSTests;
			sourceTree = "<group>";
		};
		FE285CEC2D3BF49600E0B995 /* PassboltMacOSUITests */ = {
			isa = PBXFileSystemSynchronizedRootGroup;
			path = PassboltMacOSUITests;
			sourceTree = "<group>";
		};
/* End PBXFileSystemSynchronizedRootGroup section */

/* Begin PBXFrameworksBuildPhase section */
		FE285CCB2D3BF49400E0B995 /* Frameworks */ = {
			isa = PBXFrameworksBuildPhase;
			buildActionMask = 2147483647;
			files = (
			);
			runOnlyForDeploymentPostprocessing = 0;
		};
		FE285CDC2D3BF49600E0B995 /* Frameworks */ = {
			isa = PBXFrameworksBuildPhase;
			buildActionMask = 2147483647;
			files = (
			);
			runOnlyForDeploymentPostprocessing = 0;
		};
		FE285CE62D3BF49600E0B995 /* Frameworks */ = {
			isa = PBXFrameworksBuildPhase;
			buildActionMask = 2147483647;
			files = (
			);
			runOnlyForDeploymentPostprocessing = 0;
		};
/* End PBXFrameworksBuildPhase section */

/* Begin PBXGroup section */
		FE285CC52D3BF49400E0B995 = {
			isa = PBXGroup;
			children = (
				FE285CD02D3BF49400E0B995 /* PassboltMacOS */,
				FE285CE22D3BF49600E0B995 /* PassboltMacOSTests */,
				FE285CEC2D3BF49600E0B995 /* PassboltMacOSUITests */,
				FE285CCF2D3BF49400E0B995 /* Products */,
			);
			sourceTree = "<group>";
		};
		FE285CCF2D3BF49400E0B995 /* Products */ = {
			isa = PBXGroup;
			children = (
				FE285CCE2D3BF49400E0B995 /* PassboltMacOS.app */,
				FE285CDF2D3BF49600E0B995 /* PassboltMacOSTests.xctest */,
				FE285CE92D3BF49600E0B995 /* PassboltMacOSUITests.xctest */,
			);
			name = Products;
			sourceTree = "<group>";
		};
/* End PBXGroup section */

/* Begin PBXNativeTarget section */
		FE285CCD2D3BF49400E0B995 /* PassboltMacOS */ = {
			isa = PBXNativeTarget;
			buildConfigurationList = FE285CF32D3BF49600E0B995 /* Build configuration list for PBXNativeTarget "PassboltMacOS" */;
			buildPhases = (
				FE285CCA2D3BF49400E0B995 /* Sources */,
				FE285CCB2D3BF49400E0B995 /* Frameworks */,
				FE285CCC2D3BF49400E0B995 /* Resources */,
			);
			buildRules = (
			);
			dependencies = (
			);
			fileSystemSynchronizedGroups = (
				FE285CD02D3BF49400E0B995 /* PassboltMacOS */,
			);
			name = PassboltMacOS;
			packageProductDependencies = (
			);
			productName = PassboltMacOS;
			productReference = FE285CCE2D3BF49400E0B995 /* PassboltMacOS.app */;
			productType = "com.apple.product-type.application";
		};
		FE285CDE2D3BF49600E0B995 /* PassboltMacOSTests */ = {
			isa = PBXNativeTarget;
			buildConfigurationList = FE285CF62D3BF49600E0B995 /* Build configuration list for PBXNativeTarget "PassboltMacOSTests" */;
			buildPhases = (
				FE285CDB2D3BF49600E0B995 /* Sources */,
				FE285CDC2D3BF49600E0B995 /* Frameworks */,
				FE285CDD2D3BF49600E0B995 /* Resources */,
			);
			buildRules = (
			);
			dependencies = (
				FE285CE12D3BF49600E0B995 /* PBXTargetDependency */,
			);
			fileSystemSynchronizedGroups = (
				FE285CE22D3BF49600E0B995 /* PassboltMacOSTests */,
			);
			name = PassboltMacOSTests;
			packageProductDependencies = (
			);
			productName = PassboltMacOSTests;
			productReference = FE285CDF2D3BF49600E0B995 /* PassboltMacOSTests.xctest */;
			productType = "com.apple.product-type.bundle.unit-test";
		};
		FE285CE82D3BF49600E0B995 /* PassboltMacOSUITests */ = {
			isa = PBXNativeTarget;
			buildConfigurationList = FE285CF92D3BF49600E0B995 /* Build configuration list for PBXNativeTarget "PassboltMacOSUITests" */;
			buildPhases = (
				FE285CE52D3BF49600E0B995 /* Sources */,
				FE285CE62D3BF49600E0B995 /* Frameworks */,
				FE285CE72D3BF49600E0B995 /* Resources */,
			);
			buildRules = (
			);
			dependencies = (
				FE285CEB2D3BF49600E0B995 /* PBXTargetDependency */,
			);
			fileSystemSynchronizedGroups = (
				FE285CEC2D3BF49600E0B995 /* PassboltMacOSUITests */,
			);
			name = PassboltMacOSUITests;
			packageProductDependencies = (
			);
			productName = PassboltMacOSUITests;
			productReference = FE285CE92D3BF49600E0B995 /* PassboltMacOSUITests.xctest */;
			productType = "com.apple.product-type.bundle.ui-testing";
		};
/* End PBXNativeTarget section */

/* Begin PBXProject section */
		FE285CC62D3BF49400E0B995 /* Project object */ = {
			isa = PBXProject;
			attributes = {
				BuildIndependentTargetsInParallel = 1;
				LastSwiftUpdateCheck = 1620;
				LastUpgradeCheck = 1620;
				TargetAttributes = {
					FE285CCD2D3BF49400E0B995 = {
						CreatedOnToolsVersion = 16.2;
					};
					FE285CDE2D3BF49600E0B995 = {
						CreatedOnToolsVersion = 16.2;
						TestTargetID = FE285CCD2D3BF49400E0B995;
					};
					FE285CE82D3BF49600E0B995 = {
						CreatedOnToolsVersion = 16.2;
						TestTargetID = FE285CCD2D3BF49400E0B995;
					};
				};
			};
			buildConfigurationList = FE285CC92D3BF49400E0B995 /* Build configuration list for PBXProject "PassboltMacOS" */;
			developmentRegion = en;
			hasScannedForEncodings = 0;
			knownRegions = (
				en,
				Base,
			);
			mainGroup = FE285CC52D3BF49400E0B995;
			minimizedProjectReferenceProxies = 1;
			preferredProjectObjectVersion = 77;
			productRefGroup = FE285CCF2D3BF49400E0B995 /* Products */;
			projectDirPath = "";
			projectRoot = "";
			targets = (
				FE285CCD2D3BF49400E0B995 /* PassboltMacOS */,
				FE285CDE2D3BF49600E0B995 /* PassboltMacOSTests */,
				FE285CE82D3BF49600E0B995 /* PassboltMacOSUITests */,
			);
		};
/* End PBXProject section */

/* Begin PBXResourcesBuildPhase section */
		FE285CCC2D3BF49400E0B995 /* Resources */ = {
			isa = PBXResourcesBuildPhase;
			buildActionMask = 2147483647;
			files = (
			);
			runOnlyForDeploymentPostprocessing = 0;
		};
		FE285CDD2D3BF49600E0B995 /* Resources */ = {
			isa = PBXResourcesBuildPhase;
			buildActionMask = 2147483647;
			files = (
			);
			runOnlyForDeploymentPostprocessing = 0;
		};
		FE285CE72D3BF49600E0B995 /* Resources */ = {
			isa = PBXResourcesBuildPhase;
			buildActionMask = 2147483647;
			files = (
			);
			runOnlyForDeploymentPostprocessing = 0;
		};
/* End PBXResourcesBuildPhase section */

/* Begin PBXSourcesBuildPhase section */
		FE285CCA2D3BF49400E0B995 /* Sources */ = {
			isa = PBXSourcesBuildPhase;
			buildActionMask = 2147483647;
			files = (
			);
			runOnlyForDeploymentPostprocessing = 0;
		};
		FE285CDB2D3BF49600E0B995 /* Sources */ = {
			isa = PBXSourcesBuildPhase;
			buildActionMask = 2147483647;
			files = (
			);
			runOnlyForDeploymentPostprocessing = 0;
		};
		FE285CE52D3BF49600E0B995 /* Sources */ = {
			isa = PBXSourcesBuildPhase;
			buildActionMask = 2147483647;
			files = (
			);
			runOnlyForDeploymentPostprocessing = 0;
		};
/* End PBXSourcesBuildPhase section */

/* Begin PBXTargetDependency section */
		FE285CE12D3BF49600E0B995 /* PBXTargetDependency */ = {
			isa = PBXTargetDependency;
			target = FE285CCD2D3BF49400E0B995 /* PassboltMacOS */;
			targetProxy = FE285CE02D3BF49600E0B995 /* PBXContainerItemProxy */;
		};
		FE285CEB2D3BF49600E0B995 /* PBXTargetDependency */ = {
			isa = PBXTargetDependency;
			target = FE285CCD2D3BF49400E0B995 /* PassboltMacOS */;
			targetProxy = FE285CEA2D3BF49600E0B995 /* PBXContainerItemProxy */;
		};
/* End PBXTargetDependency section */

/* Begin XCBuildConfiguration section */
		FE285CF12D3BF49600E0B995 /* Debug */ = {
			isa = XCBuildConfiguration;
			buildSettings = {
				ALWAYS_SEARCH_USER_PATHS = NO;
				ASSETCATALOG_COMPILER_GENERATE_SWIFT_ASSET_SYMBOL_EXTENSIONS = YES;
				CLANG_ANALYZER_NONNULL = YES;
				CLANG_ANALYZER_NUMBER_OBJECT_CONVERSION = YES_AGGRESSIVE;
				CLANG_CXX_LANGUAGE_STANDARD = "gnu++20";
				CLANG_ENABLE_MODULES = YES;
				CLANG_ENABLE_OBJC_ARC = YES;
				CLANG_ENABLE_OBJC_WEAK = YES;
				CLANG_WARN_BLOCK_CAPTURE_AUTORELEASING = YES;
				CLANG_WARN_BOOL_CONVERSION = YES;
				CLANG_WARN_COMMA = YES;
				CLANG_WARN_CONSTANT_CONVERSION = YES;
				CLANG_WARN_DEPRECATED_OBJC_IMPLEMENTATIONS = YES;
				CLANG_WARN_DIRECT_OBJC_ISA_USAGE = YES_ERROR;
				CLANG_WARN_DOCUMENTATION_COMMENTS = YES;
				CLANG_WARN_EMPTY_BODY = YES;
				CLANG_WARN_ENUM_CONVERSION = YES;
				CLANG_WARN_INFINITE_RECURSION = YES;
				CLANG_WARN_INT_CONVERSION = YES;
				CLANG_WARN_NON_LITERAL_NULL_CONVERSION = YES;
				CLANG_WARN_OBJC_IMPLICIT_RETAIN_SELF = YES;
				CLANG_WARN_OBJC_LITERAL_CONVERSION = YES;
				CLANG_WARN_OBJC_ROOT_CLASS = YES_ERROR;
				CLANG_WARN_QUOTED_INCLUDE_IN_FRAMEWORK_HEADER = YES;
				CLANG_WARN_RANGE_LOOP_ANALYSIS = YES;
				CLANG_WARN_STRICT_PROTOTYPES = YES;
				CLANG_WARN_SUSPICIOUS_MOVE = YES;
				CLANG_WARN_UNGUARDED_AVAILABILITY = YES_AGGRESSIVE;
				CLANG_WARN_UNREACHABLE_CODE = YES;
				CLANG_WARN__DUPLICATE_METHOD_MATCH = YES;
				COPY_PHASE_STRIP = NO;
				DEBUG_INFORMATION_FORMAT = dwarf;
				ENABLE_STRICT_OBJC_MSGSEND = YES;
				ENABLE_TESTABILITY = YES;
				ENABLE_USER_SCRIPT_SANDBOXING = YES;
				GCC_C_LANGUAGE_STANDARD = gnu17;
				GCC_DYNAMIC_NO_PIC = NO;
				GCC_NO_COMMON_BLOCKS = YES;
				GCC_OPTIMIZATION_LEVEL = 0;
				GCC_PREPROCESSOR_DEFINITIONS = (
					"DEBUG=1",
					"$(inherited)",
				);
				GCC_WARN_64_TO_32_BIT_CONVERSION = YES;
				GCC_WARN_ABOUT_RETURN_TYPE = YES_ERROR;
				GCC_WARN_UNDECLARED_SELECTOR = YES;
				GCC_WARN_UNINITIALIZED_AUTOS = YES_AGGRESSIVE;
				GCC_WARN_UNUSED_FUNCTION = YES;
				GCC_WARN_UNUSED_VARIABLE = YES;
				LOCALIZATION_PREFERS_STRING_CATALOGS = YES;
				MACOSX_DEPLOYMENT_TARGET = 15.1;
				MTL_ENABLE_DEBUG_INFO = INCLUDE_SOURCE;
				MTL_FAST_MATH = YES;
				ONLY_ACTIVE_ARCH = YES;
				SDKROOT = macosx;
				SWIFT_ACTIVE_COMPILATION_CONDITIONS = "DEBUG $(inherited)";
				SWIFT_OPTIMIZATION_LEVEL = "-Onone";
			};
			name = Debug;
		};
		FE285CF22D3BF49600E0B995 /* Release */ = {
			isa = XCBuildConfiguration;
			buildSettings = {
				ALWAYS_SEARCH_USER_PATHS = NO;
				ASSETCATALOG_COMPILER_GENERATE_SWIFT_ASSET_SYMBOL_EXTENSIONS = YES;
				CLANG_ANALYZER_NONNULL = YES;
				CLANG_ANALYZER_NUMBER_OBJECT_CONVERSION = YES_AGGRESSIVE;
				CLANG_CXX_LANGUAGE_STANDARD = "gnu++20";
				CLANG_ENABLE_MODULES = YES;
				CLANG_ENABLE_OBJC_ARC = YES;
				CLANG_ENABLE_OBJC_WEAK = YES;
				CLANG_WARN_BLOCK_CAPTURE_AUTORELEASING = YES;
				CLANG_WARN_BOOL_CONVERSION = YES;
				CLANG_WARN_COMMA = YES;
				CLANG_WARN_CONSTANT_CONVERSION = YES;
				CLANG_WARN_DEPRECATED_OBJC_IMPLEMENTATIONS = YES;
				CLANG_WARN_DIRECT_OBJC_ISA_USAGE = YES_ERROR;
				CLANG_WARN_DOCUMENTATION_COMMENTS = YES;
				CLANG_WARN_EMPTY_BODY = YES;
				CLANG_WARN_ENUM_CONVERSION = YES;
				CLANG_WARN_INFINITE_RECURSION = YES;
				CLANG_WARN_INT_CONVERSION = YES;
				CLANG_WARN_NON_LITERAL_NULL_CONVERSION = YES;
				CLANG_WARN_OBJC_IMPLICIT_RETAIN_SELF = YES;
				CLANG_WARN_OBJC_LITERAL_CONVERSION = YES;
				CLANG_WARN_OBJC_ROOT_CLASS = YES_ERROR;
				CLANG_WARN_QUOTED_INCLUDE_IN_FRAMEWORK_HEADER = YES;
				CLANG_WARN_RANGE_LOOP_ANALYSIS = YES;
				CLANG_WARN_STRICT_PROTOTYPES = YES;
				CLANG_WARN_SUSPICIOUS_MOVE = YES;
				CLANG_WARN_UNGUARDED_AVAILABILITY = YES_AGGRESSIVE;
				CLANG_WARN_UNREACHABLE_CODE = YES;
				CLANG_WARN__DUPLICATE_METHOD_MATCH = YES;
				COPY_PHASE_STRIP = NO;
				DEBUG_INFORMATION_FORMAT = "dwarf-with-dsym";
				ENABLE_NS_ASSERTIONS = NO;
				ENABLE_STRICT_OBJC_MSGSEND = YES;
				ENABLE_USER_SCRIPT_SANDBOXING = YES;
				GCC_C_LANGUAGE_STANDARD = gnu17;
				GCC_NO_COMMON_BLOCKS = YES;
				GCC_WARN_64_TO_32_BIT_CONVERSION = YES;
				GCC_WARN_ABOUT_RETURN_TYPE = YES_ERROR;
				GCC_WARN_UNDECLARED_SELECTOR = YES;
				GCC_WARN_UNINITIALIZED_AUTOS = YES_AGGRESSIVE;
				GCC_WARN_UNUSED_FUNCTION = YES;
				GCC_WARN_UNUSED_VARIABLE = YES;
				LOCALIZATION_PREFERS_STRING_CATALOGS = YES;
				MACOSX_DEPLOYMENT_TARGET = 15.1;
				MTL_ENABLE_DEBUG_INFO = NO;
				MTL_FAST_MATH = YES;
				SDKROOT = macosx;
				SWIFT_COMPILATION_MODE = wholemodule;
			};
			name = Release;
		};
		FE285CF42D3BF49600E0B995 /* Debug */ = {
			isa = XCBuildConfiguration;
			buildSettings = {
				ASSETCATALOG_COMPILER_APPICON_NAME = AppIcon;
				ASSETCATALOG_COMPILER_GLOBAL_ACCENT_COLOR_NAME = AccentColor;
				CODE_SIGN_ENTITLEMENTS = PassboltMacOS/PassboltMacOS.entitlements;
				CODE_SIGN_STYLE = Automatic;
				COMBINE_HIDPI_IMAGES = YES;
				CURRENT_PROJECT_VERSION = 1;
				DEVELOPMENT_ASSET_PATHS = "\"PassboltMacOS/Preview Content\"";
				ENABLE_PREVIEWS = YES;
				GENERATE_INFOPLIST_FILE = YES;
				INFOPLIST_KEY_NSHumanReadableCopyright = "";
				LD_RUNPATH_SEARCH_PATHS = (
					"$(inherited)",
					"@executable_path/../Frameworks",
				);
				MARKETING_VERSION = 1.0;
				PRODUCT_BUNDLE_IDENTIFIER = de.sirmelonchen.PassboltMacOS;
				PRODUCT_NAME = "$(TARGET_NAME)";
				SWIFT_EMIT_LOC_STRINGS = YES;
				SWIFT_VERSION = 5.0;
			};
			name = Debug;
		};
		FE285CF52D3BF49600E0B995 /* Release */ = {
			isa = XCBuildConfiguration;
			buildSettings = {
				ASSETCATALOG_COMPILER_APPICON_NAME = AppIcon;
				ASSETCATALOG_COMPILER_GLOBAL_ACCENT_COLOR_NAME = AccentColor;
				CODE_SIGN_ENTITLEMENTS = PassboltMacOS/PassboltMacOS.entitlements;
				CODE_SIGN_STYLE = Automatic;
				COMBINE_HIDPI_IMAGES = YES;
				CURRENT_PROJECT_VERSION = 1;
				DEVELOPMENT_ASSET_PATHS = "\"PassboltMacOS/Preview Content\"";
				ENABLE_PREVIEWS = YES;
				GENERATE_INFOPLIST_FILE = YES;
				INFOPLIST_KEY_NSHumanReadableCopyright = "";
				LD_RUNPATH_SEARCH_PATHS = (
					"$(inherited)",
					"@executable_path/../Frameworks",
				);
				MARKETING_VERSION = 1.0;
				PRODUCT_BUNDLE_IDENTIFIER = de.sirmelonchen.PassboltMacOS;
				PRODUCT_NAME = "$(TARGET_NAME)";
				SWIFT_EMIT_LOC_STRINGS = YES;
				SWIFT_VERSION = 5.0;
			};
			name = Release;
		};
		FE285CF72D3BF49600E0B995 /* Debug */ = {
			isa = XCBuildConfiguration;
			buildSettings = {
				BUNDLE_LOADER = "$(TEST_HOST)";
				CODE_SIGN_STYLE = Automatic;
				CURRENT_PROJECT_VERSION = 1;
				GENERATE_INFOPLIST_FILE = YES;
				MACOSX_DEPLOYMENT_TARGET = 15.1;
				MARKETING_VERSION = 1.0;
				PRODUCT_BUNDLE_IDENTIFIER = de.sirmelonchen.PassboltMacOSTests;
				PRODUCT_NAME = "$(TARGET_NAME)";
				SWIFT_EMIT_LOC_STRINGS = NO;
				SWIFT_VERSION = 5.0;
				TEST_HOST = "$(BUILT_PRODUCTS_DIR)/PassboltMacOS.app/$(BUNDLE_EXECUTABLE_FOLDER_PATH)/PassboltMacOS";
			};
			name = Debug;
		};
		FE285CF82D3BF49600E0B995 /* Release */ = {
			isa = XCBuildConfiguration;
			buildSettings = {
				BUNDLE_LOADER = "$(TEST_HOST)";
				CODE_SIGN_STYLE = Automatic;
				CURRENT_PROJECT_VERSION = 1;
				GENERATE_INFOPLIST_FILE = YES;
				MACOSX_DEPLOYMENT_TARGET = 15.1;
				MARKETING_VERSION = 1.0;
				PRODUCT_BUNDLE_IDENTIFIER = de.sirmelonchen.PassboltMacOSTests;
				PRODUCT_NAME = "$(TARGET_NAME)";
				SWIFT_EMIT_LOC_STRINGS = NO;
				SWIFT_VERSION = 5.0;
				TEST_HOST = "$(BUILT_PRODUCTS_DIR)/PassboltMacOS.app/$(BUNDLE_EXECUTABLE_FOLDER_PATH)/PassboltMacOS";
			};
			name = Release;
		};
		FE285CFA2D3BF49600E0B995 /* Debug */ = {
			isa = XCBuildConfiguration;
			buildSettings = {
				CODE_SIGN_STYLE = Automatic;
				CURRENT_PROJECT_VERSION = 1;
				GENERATE_INFOPLIST_FILE = YES;
				MARKETING_VERSION = 1.0;
				PRODUCT_BUNDLE_IDENTIFIER = de.sirmelonchen.PassboltMacOSUITests;
				PRODUCT_NAME = "$(TARGET_NAME)";
				SWIFT_EMIT_LOC_STRINGS = NO;
				SWIFT_VERSION = 5.0;
				TEST_TARGET_NAME = PassboltMacOS;
			};
			name = Debug;
		};
		FE285CFB2D3BF49600E0B995 /* Release */ = {
			isa = XCBuildConfiguration;
			buildSettings = {
				CODE_SIGN_STYLE = Automatic;
				CURRENT_PROJECT_VERSION = 1;
				GENERATE_INFOPLIST_FILE = YES;
				MARKETING_VERSION = 1.0;
				PRODUCT_BUNDLE_IDENTIFIER = de.sirmelonchen.PassboltMacOSUITests;
				PRODUCT_NAME = "$(TARGET_NAME)";
				SWIFT_EMIT_LOC_STRINGS = NO;
				SWIFT_VERSION = 5.0;
				TEST_TARGET_NAME = PassboltMacOS;
			};
			name = Release;
		};
/* End XCBuildConfiguration section */

/* Begin XCConfigurationList section */
		FE285CC92D3BF49400E0B995 /* Build configuration list for PBXProject "PassboltMacOS" */ = {
			isa = XCConfigurationList;
			buildConfigurations = (
				FE285CF12D3BF49600E0B995 /* Debug */,
				FE285CF22D3BF49600E0B995 /* Release */,
			);
			defaultConfigurationIsVisible = 0;
			defaultConfigurationName = Release;
		};
		FE285CF32D3BF49600E0B995 /* Build configuration list for PBXNativeTarget "PassboltMacOS" */ = {
			isa = XCConfigurationList;
			buildConfigurations = (
				FE285CF42D3BF49600E0B995 /* Debug */,
				FE285CF52D3BF49600E0B995 /* Release */,
			);
			defaultConfigurationIsVisible = 0;
			defaultConfigurationName = Release;
		};
		FE285CF62D3BF49600E0B995 /* Build configuration list for PBXNativeTarget "PassboltMacOSTests" */ = {
			isa = XCConfigurationList;
			buildConfigurations = (
				FE285CF72D3BF49600E0B995 /* Debug */,
				FE285CF82D3BF49600E0B995 /* Release */,
			);
			defaultConfigurationIsVisible = 0;
			defaultConfigurationName = Release;
		};
		FE285CF92D3BF49600E0B995 /* Build configuration list for PBXNativeTarget "PassboltMacOSUITests" */ = {
			isa = XCConfigurationList;
			buildConfigurations = (
				FE285CFA2D3BF49600E0B995 /* Debug */,
				FE285CFB2D3BF49600E0B995 /* Release */,
			);
			defaultConfigurationIsVisible = 0;
			defaultConfigurationName = Release;
		};
/* End XCConfigurationList section */
	};
	rootObject = FE285CC62D3BF49400E0B995 /* Project object */;
}
